{
    "name": "@labmotus/monorepo",
    "version": "1.0.0",
    "lockfileVersion": 2,
    "requires": true,
    "packages": {
        "": {
            "name": "@labmotus/monorepo",
            "version": "1.0.0",
            "workspaces": [
                "./common/*"
            ]
        },
        "common/ui": {
            "name": "@labmotus/ui",
            "version": "1.0.0"
        },
        "node_modules/@labmotus/ui": {
            "resolved": "common/ui",
            "link": true
        }
    },
    "dependencies": {
        "@labmotus/ui": {
            "version": "file:common/ui"
        }
    }
}
